
Microsoft Visual Studio Solution File, Format Version 12.00
# Visual Studio 15
VisualStudioVersion = 15.0.28307.168
MinimumVisualStudioVersion = 10.0.40219.1
Project("{FAE04EC0-301F-11D3-BF4B-00C04F79EFBC}") = "WebApplication1", "WebApplication1\WebApplication1.csproj", "{C4BAC46F-F68B-4B5F-87AD-A11BA51E54AB}"
EndProject
Global
	GlobalSection(SolutionConfigurationPlatforms) = preSolution
		Debug|Any CPU = Debug|Any CPU
		Release|Any CPU = Release|Any CPU
	EndGlobalSection
	GlobalSection(ProjectConfigurationPlatforms) = postSolution
		{C4BAC46F-F68B-4B5F-87AD-A11BA51E54AB}.Debug|Any CPU.ActiveCfg = Debug|Any CPU
		{C4BAC46F-F68B-4B5F-87AD-A11BA51E54AB}.Debug|Any CPU.Build.0 = Debug|Any CPU
		{C4BAC46F-F68B-4B5F-87AD-A11BA51E54AB}.Release|Any CPU.ActiveCfg = Release|Any CPU
		{C4BAC46F-F68B-4B5F-87AD-A11BA51E54AB}.Release|Any CPU.Build.0 = Release|Any CPU
	EndGlobalSection
	GlobalSection(SolutionProperties) = preSolution
		HideSolutionNode = FALSE
	EndGlobalSection
	GlobalSection(ExtensibilityGlobals) = postSolution
		SolutionGuid = {26A49BBE-DF24-4771-819E-CDE8121C6957}
	EndGlobalSection
EndGlobal
